
Microsoft Visual Studio Solution File, Format Version 12.00
# Visual Studio 15
VisualStudioVersion = 15.0.26124.0
MinimumVisualStudioVersion = 15.0.26124.0
Project("{FAE04EC0-301F-11D3-BF4B-00C04F79EFBC}") = "applications-api", "applications-api\applications-api.csproj", "{1163B6EB-625C-4643-A58D-8DE04221E62B}"
EndProject
Project("{FAE04EC0-301F-11D3-BF4B-00C04F79EFBC}") = "unittests", "unittests\unittests.csproj", "{72755909-01B0-4ED6-B33A-EDC06DA3CAA5}"
EndProject
Project("{FAE04EC0-301F-11D3-BF4B-00C04F79EFBC}") = "OutsideInTests", "OutsideInTests\OutsideInTests.csproj", "{30AD020D-AAAF-4A4C-93AA-7334CA87C111}"
EndProject
Project("{FAE04EC0-301F-11D3-BF4B-00C04F79EFBC}") = "flaky-service", "flaky-service\flaky-service.csproj", "{9F6B9A51-A658-4E8F-9449-F43B4BC60490}"
EndProject
Global
	GlobalSection(SolutionConfigurationPlatforms) = preSolution
		Debug|Any CPU = Debug|Any CPU
		Debug|x64 = Debug|x64
		Debug|x86 = Debug|x86
		Release|Any CPU = Release|Any CPU
		Release|x64 = Release|x64
		Release|x86 = Release|x86
	EndGlobalSection
	GlobalSection(SolutionProperties) = preSolution
		HideSolutionNode = FALSE
	EndGlobalSection
	GlobalSection(ProjectConfigurationPlatforms) = postSolution
		{1163B6EB-625C-4643-A58D-8DE04221E62B}.Debug|Any CPU.ActiveCfg = Debug|Any CPU
		{1163B6EB-625C-4643-A58D-8DE04221E62B}.Debug|Any CPU.Build.0 = Debug|Any CPU
		{1163B6EB-625C-4643-A58D-8DE04221E62B}.Debug|x64.ActiveCfg = Debug|Any CPU
		{1163B6EB-625C-4643-A58D-8DE04221E62B}.Debug|x64.Build.0 = Debug|Any CPU
		{1163B6EB-625C-4643-A58D-8DE04221E62B}.Debug|x86.ActiveCfg = Debug|Any CPU
		{1163B6EB-625C-4643-A58D-8DE04221E62B}.Debug|x86.Build.0 = Debug|Any CPU
		{1163B6EB-625C-4643-A58D-8DE04221E62B}.Release|Any CPU.ActiveCfg = Release|Any CPU
		{1163B6EB-625C-4643-A58D-8DE04221E62B}.Release|Any CPU.Build.0 = Release|Any CPU
		{1163B6EB-625C-4643-A58D-8DE04221E62B}.Release|x64.ActiveCfg = Release|Any CPU
		{1163B6EB-625C-4643-A58D-8DE04221E62B}.Release|x64.Build.0 = Release|Any CPU
		{1163B6EB-625C-4643-A58D-8DE04221E62B}.Release|x86.ActiveCfg = Release|Any CPU
		{1163B6EB-625C-4643-A58D-8DE04221E62B}.Release|x86.Build.0 = Release|Any CPU
		{72755909-01B0-4ED6-B33A-EDC06DA3CAA5}.Debug|Any CPU.ActiveCfg = Debug|Any CPU
		{72755909-01B0-4ED6-B33A-EDC06DA3CAA5}.Debug|Any CPU.Build.0 = Debug|Any CPU
		{72755909-01B0-4ED6-B33A-EDC06DA3CAA5}.Debug|x64.ActiveCfg = Debug|Any CPU
		{72755909-01B0-4ED6-B33A-EDC06DA3CAA5}.Debug|x64.Build.0 = Debug|Any CPU
		{72755909-01B0-4ED6-B33A-EDC06DA3CAA5}.Debug|x86.ActiveCfg = Debug|Any CPU
		{72755909-01B0-4ED6-B33A-EDC06DA3CAA5}.Debug|x86.Build.0 = Debug|Any CPU
		{72755909-01B0-4ED6-B33A-EDC06DA3CAA5}.Release|Any CPU.ActiveCfg = Release|Any CPU
		{72755909-01B0-4ED6-B33A-EDC06DA3CAA5}.Release|Any CPU.Build.0 = Release|Any CPU
		{72755909-01B0-4ED6-B33A-EDC06DA3CAA5}.Release|x64.ActiveCfg = Release|Any CPU
		{72755909-01B0-4ED6-B33A-EDC06DA3CAA5}.Release|x64.Build.0 = Release|Any CPU
		{72755909-01B0-4ED6-B33A-EDC06DA3CAA5}.Release|x86.ActiveCfg = Release|Any CPU
		{72755909-01B0-4ED6-B33A-EDC06DA3CAA5}.Release|x86.Build.0 = Release|Any CPU
		{30AD020D-AAAF-4A4C-93AA-7334CA87C111}.Debug|Any CPU.ActiveCfg = Debug|Any CPU
		{30AD020D-AAAF-4A4C-93AA-7334CA87C111}.Debug|Any CPU.Build.0 = Debug|Any CPU
		{30AD020D-AAAF-4A4C-93AA-7334CA87C111}.Debug|x64.ActiveCfg = Debug|Any CPU
		{30AD020D-AAAF-4A4C-93AA-7334CA87C111}.Debug|x64.Build.0 = Debug|Any CPU
		{30AD020D-AAAF-4A4C-93AA-7334CA87C111}.Debug|x86.ActiveCfg = Debug|Any CPU
		{30AD020D-AAAF-4A4C-93AA-7334CA87C111}.Debug|x86.Build.0 = Debug|Any CPU
		{30AD020D-AAAF-4A4C-93AA-7334CA87C111}.Release|Any CPU.ActiveCfg = Release|Any CPU
		{30AD020D-AAAF-4A4C-93AA-7334CA87C111}.Release|Any CPU.Build.0 = Release|Any CPU
		{30AD020D-AAAF-4A4C-93AA-7334CA87C111}.Release|x64.ActiveCfg = Release|Any CPU
		{30AD020D-AAAF-4A4C-93AA-7334CA87C111}.Release|x64.Build.0 = Release|Any CPU
		{30AD020D-AAAF-4A4C-93AA-7334CA87C111}.Release|x86.ActiveCfg = Release|Any CPU
		{30AD020D-AAAF-4A4C-93AA-7334CA87C111}.Release|x86.Build.0 = Release|Any CPU
		{9F6B9A51-A658-4E8F-9449-F43B4BC60490}.Debug|Any CPU.ActiveCfg = Debug|Any CPU
		{9F6B9A51-A658-4E8F-9449-F43B4BC60490}.Debug|Any CPU.Build.0 = Debug|Any CPU
		{9F6B9A51-A658-4E8F-9449-F43B4BC60490}.Debug|x64.ActiveCfg = Debug|Any CPU
		{9F6B9A51-A658-4E8F-9449-F43B4BC60490}.Debug|x64.Build.0 = Debug|Any CPU
		{9F6B9A51-A658-4E8F-9449-F43B4BC60490}.Debug|x86.ActiveCfg = Debug|Any CPU
		{9F6B9A51-A658-4E8F-9449-F43B4BC60490}.Debug|x86.Build.0 = Debug|Any CPU
		{9F6B9A51-A658-4E8F-9449-F43B4BC60490}.Release|Any CPU.ActiveCfg = Release|Any CPU
		{9F6B9A51-A658-4E8F-9449-F43B4BC60490}.Release|Any CPU.Build.0 = Release|Any CPU
		{9F6B9A51-A658-4E8F-9449-F43B4BC60490}.Release|x64.ActiveCfg = Release|Any CPU
		{9F6B9A51-A658-4E8F-9449-F43B4BC60490}.Release|x64.Build.0 = Release|Any CPU
		{9F6B9A51-A658-4E8F-9449-F43B4BC60490}.Release|x86.ActiveCfg = Release|Any CPU
		{9F6B9A51-A658-4E8F-9449-F43B4BC60490}.Release|x86.Build.0 = Release|Any CPU
	EndGlobalSection
EndGlobal
